{
  "name": "CryptoCoinNews",
  "lockfileVersion": 2,
  "requires": true,
  "packages": {
    "": {
      "dependencies": {
        "@fontsource/space-mono": "^4.5.10"
      }
    },
    "node_modules/@fontsource/space-mono": {
      "version": "4.5.10",
      "resolved": "https://registry.npmjs.org/@fontsource/space-mono/-/space-mono-4.5.10.tgz",
      "integrity": "sha512-OTrWNdcPp01bZjEbSu52vMu9PaReUFylHAMI4lctKVbYUnm+e7a4eG6YcnRvDrJEMYHBDtEWLAsqGVldV5r1EQ=="
    }
  },
  "dependencies": {
    "@fontsource/space-mono": {
      "version": "4.5.10",
      "resolved": "https://registry.npmjs.org/@fontsource/space-mono/-/space-mono-4.5.10.tgz",
      "integrity": "sha512-OTrWNdcPp01bZjEbSu52vMu9PaReUFylHAMI4lctKVbYUnm+e7a4eG6YcnRvDrJEMYHBDtEWLAsqGVldV5r1EQ=="
    }
  }
}
